PODS:
  - DeviceStringValue (0.1.0)

DEPENDENCIES:
  - DeviceStringValue (from `../`)

EXTERNAL SOURCES:
  DeviceStringValue:
    :path: "../"

SPEC CHECKSUMS:
  DeviceStringValue: 7827026e1f42378f78c7eca8ac1d8c8c03c987fa

PODFILE CHECKSUM: 50cfe47961ff604b391612c264f59782342b2a63

COCOAPODS: 1.5.3
